
Microsoft Visual Studio Solution File, Format Version 12.00
# Visual Studio Version 17
VisualStudioVersion = 17.4.33205.214
MinimumVisualStudioVersion = 10.0.40219.1
Project("{8BC9CEB8-8B4A-11D0-8D11-00A0C91BC942}") = "CLecture", "CLecture\CLecture.vcxproj", "{26BCAEB2-EC81-4AB0-B5EB-4A187E6A3230}"
EndProject
Project("{8BC9CEB8-8B4A-11D0-8D11-00A0C91BC942}") = "Variable", "Variable\Variable.vcxproj", "{59668EED-74D2-41F6-8616-AEB509FB04DD}"
EndProject
Project("{8BC9CEB8-8B4A-11D0-8D11-00A0C91BC942}") = "Header_File", "Header_File\Header_File.vcxproj", "{D7573F02-F9D0-497E-9410-3174AE074CCC}"
EndProject
Project("{8BC9CEB8-8B4A-11D0-8D11-00A0C91BC942}") = "Format", "Format\Format.vcxproj", "{DDB15729-03DE-4333-9630-138E3EABD066}"
EndProject
Project("{8BC9CEB8-8B4A-11D0-8D11-00A0C91BC942}") = "Bit_Operator", "Bit_Operator\Bit_Operator.vcxproj", "{A4B2205C-B66C-4B00-AABC-5A19115EF5C7}"
EndProject
Project("{8BC9CEB8-8B4A-11D0-8D11-00A0C91BC942}") = "if_Statement", "if_Statement\if_Statement.vcxproj", "{AAA8CFB1-3376-4EE7-8337-53BB6C808F3A}"
EndProject
Project("{8BC9CEB8-8B4A-11D0-8D11-00A0C91BC942}") = "For_Statement", "For_Statement\For_Statement.vcxproj", "{1C04100C-44AE-4943-848E-8C72436C5DC3}"
EndProject
Project("{8BC9CEB8-8B4A-11D0-8D11-00A0C91BC942}") = "Continue_Statement", "Continue_Statement\Continue_Statement.vcxproj", "{2EF665FC-8254-4E29-8B97-DE66DA15E2AC}"
EndProject
Project("{8BC9CEB8-8B4A-11D0-8D11-00A0C91BC942}") = "Rand_Function", "Rand_Function\Rand_Function.vcxproj", "{00BAD6A4-465C-4B12-811D-061C3B23CD7F}"
EndProject
Project("{8BC9CEB8-8B4A-11D0-8D11-00A0C91BC942}") = "DataType_Conversion", "DataType_Conversion\DataType_Conversion.vcxproj", "{141E77EE-9420-457F-91A3-7ABA4759B264}"
EndProject
Global
	GlobalSection(SolutionConfigurationPlatforms) = preSolution
		Debug|x64 = Debug|x64
		Debug|x86 = Debug|x86
		Release|x64 = Release|x64
		Release|x86 = Release|x86
	EndGlobalSection
	GlobalSection(ProjectConfigurationPlatforms) = postSolution
		{26BCAEB2-EC81-4AB0-B5EB-4A187E6A3230}.Debug|x64.ActiveCfg = Debug|x64
		{26BCAEB2-EC81-4AB0-B5EB-4A187E6A3230}.Debug|x64.Build.0 = Debug|x64
		{26BCAEB2-EC81-4AB0-B5EB-4A187E6A3230}.Debug|x86.ActiveCfg = Debug|Win32
		{26BCAEB2-EC81-4AB0-B5EB-4A187E6A3230}.Debug|x86.Build.0 = Debug|Win32
		{26BCAEB2-EC81-4AB0-B5EB-4A187E6A3230}.Release|x64.ActiveCfg = Release|x64
		{26BCAEB2-EC81-4AB0-B5EB-4A187E6A3230}.Release|x64.Build.0 = Release|x64
		{26BCAEB2-EC81-4AB0-B5EB-4A187E6A3230}.Release|x86.ActiveCfg = Release|Win32
		{26BCAEB2-EC81-4AB0-B5EB-4A187E6A3230}.Release|x86.Build.0 = Release|Win32
		{59668EED-74D2-41F6-8616-AEB509FB04DD}.Debug|x64.ActiveCfg = Debug|x64
		{59668EED-74D2-41F6-8616-AEB509FB04DD}.Debug|x64.Build.0 = Debug|x64
		{59668EED-74D2-41F6-8616-AEB509FB04DD}.Debug|x86.ActiveCfg = Debug|Win32
		{59668EED-74D2-41F6-8616-AEB509FB04DD}.Debug|x86.Build.0 = Debug|Win32
		{59668EED-74D2-41F6-8616-AEB509FB04DD}.Release|x64.ActiveCfg = Release|x64
		{59668EED-74D2-41F6-8616-AEB509FB04DD}.Release|x64.Build.0 = Release|x64
		{59668EED-74D2-41F6-8616-AEB509FB04DD}.Release|x86.ActiveCfg = Release|Win32
		{59668EED-74D2-41F6-8616-AEB509FB04DD}.Release|x86.Build.0 = Release|Win32
		{D7573F02-F9D0-497E-9410-3174AE074CCC}.Debug|x64.ActiveCfg = Debug|x64
		{D7573F02-F9D0-497E-9410-3174AE074CCC}.Debug|x64.Build.0 = Debug|x64
		{D7573F02-F9D0-497E-9410-3174AE074CCC}.Debug|x86.ActiveCfg = Debug|Win32
		{D7573F02-F9D0-497E-9410-3174AE074CCC}.Debug|x86.Build.0 = Debug|Win32
		{D7573F02-F9D0-497E-9410-3174AE074CCC}.Release|x64.ActiveCfg = Release|x64
		{D7573F02-F9D0-497E-9410-3174AE074CCC}.Release|x64.Build.0 = Release|x64
		{D7573F02-F9D0-497E-9410-3174AE074CCC}.Release|x86.ActiveCfg = Release|Win32
		{D7573F02-F9D0-497E-9410-3174AE074CCC}.Release|x86.Build.0 = Release|Win32
		{DDB15729-03DE-4333-9630-138E3EABD066}.Debug|x64.ActiveCfg = Debug|x64
		{DDB15729-03DE-4333-9630-138E3EABD066}.Debug|x64.Build.0 = Debug|x64
		{DDB15729-03DE-4333-9630-138E3EABD066}.Debug|x86.ActiveCfg = Debug|Win32
		{DDB15729-03DE-4333-9630-138E3EABD066}.Debug|x86.Build.0 = Debug|Win32
		{DDB15729-03DE-4333-9630-138E3EABD066}.Release|x64.ActiveCfg = Release|x64
		{DDB15729-03DE-4333-9630-138E3EABD066}.Release|x64.Build.0 = Release|x64
		{DDB15729-03DE-4333-9630-138E3EABD066}.Release|x86.ActiveCfg = Release|Win32
		{DDB15729-03DE-4333-9630-138E3EABD066}.Release|x86.Build.0 = Release|Win32
		{A4B2205C-B66C-4B00-AABC-5A19115EF5C7}.Debug|x64.ActiveCfg = Debug|x64
		{A4B2205C-B66C-4B00-AABC-5A19115EF5C7}.Debug|x64.Build.0 = Debug|x64
		{A4B2205C-B66C-4B00-AABC-5A19115EF5C7}.Debug|x86.ActiveCfg = Debug|Win32
		{A4B2205C-B66C-4B00-AABC-5A19115EF5C7}.Debug|x86.Build.0 = Debug|Win32
		{A4B2205C-B66C-4B00-AABC-5A19115EF5C7}.Release|x64.ActiveCfg = Release|x64
		{A4B2205C-B66C-4B00-AABC-5A19115EF5C7}.Release|x64.Build.0 = Release|x64
		{A4B2205C-B66C-4B00-AABC-5A19115EF5C7}.Release|x86.ActiveCfg = Release|Win32
		{A4B2205C-B66C-4B00-AABC-5A19115EF5C7}.Release|x86.Build.0 = Release|Win32
		{AAA8CFB1-3376-4EE7-8337-53BB6C808F3A}.Debug|x64.ActiveCfg = Debug|x64
		{AAA8CFB1-3376-4EE7-8337-53BB6C808F3A}.Debug|x64.Build.0 = Debug|x64
		{AAA8CFB1-3376-4EE7-8337-53BB6C808F3A}.Debug|x86.ActiveCfg = Debug|Win32
		{AAA8CFB1-3376-4EE7-8337-53BB6C808F3A}.Debug|x86.Build.0 = Debug|Win32
		{AAA8CFB1-3376-4EE7-8337-53BB6C808F3A}.Release|x64.ActiveCfg = Release|x64
		{AAA8CFB1-3376-4EE7-8337-53BB6C808F3A}.Release|x64.Build.0 = Release|x64
		{AAA8CFB1-3376-4EE7-8337-53BB6C808F3A}.Release|x86.ActiveCfg = Release|Win32
		{AAA8CFB1-3376-4EE7-8337-53BB6C808F3A}.Release|x86.Build.0 = Release|Win32
		{1C04100C-44AE-4943-848E-8C72436C5DC3}.Debug|x64.ActiveCfg = Debug|x64
		{1C04100C-44AE-4943-848E-8C72436C5DC3}.Debug|x64.Build.0 = Debug|x64
		{1C04100C-44AE-4943-848E-8C72436C5DC3}.Debug|x86.ActiveCfg = Debug|Win32
		{1C04100C-44AE-4943-848E-8C72436C5DC3}.Debug|x86.Build.0 = Debug|Win32
		{1C04100C-44AE-4943-848E-8C72436C5DC3}.Release|x64.ActiveCfg = Release|x64
		{1C04100C-44AE-4943-848E-8C72436C5DC3}.Release|x64.Build.0 = Release|x64
		{1C04100C-44AE-4943-848E-8C72436C5DC3}.Release|x86.ActiveCfg = Release|Win32
		{1C04100C-44AE-4943-848E-8C72436C5DC3}.Release|x86.Build.0 = Release|Win32
		{2EF665FC-8254-4E29-8B97-DE66DA15E2AC}.Debug|x64.ActiveCfg = Debug|x64
		{2EF665FC-8254-4E29-8B97-DE66DA15E2AC}.Debug|x64.Build.0 = Debug|x64
		{2EF665FC-8254-4E29-8B97-DE66DA15E2AC}.Debug|x86.ActiveCfg = Debug|Win32
		{2EF665FC-8254-4E29-8B97-DE66DA15E2AC}.Debug|x86.Build.0 = Debug|Win32
		{2EF665FC-8254-4E29-8B97-DE66DA15E2AC}.Release|x64.ActiveCfg = Release|x64
		{2EF665FC-8254-4E29-8B97-DE66DA15E2AC}.Release|x64.Build.0 = Release|x64
		{2EF665FC-8254-4E29-8B97-DE66DA15E2AC}.Release|x86.ActiveCfg = Release|Win32
		{2EF665FC-8254-4E29-8B97-DE66DA15E2AC}.Release|x86.Build.0 = Release|Win32
		{00BAD6A4-465C-4B12-811D-061C3B23CD7F}.Debug|x64.ActiveCfg = Debug|x64
		{00BAD6A4-465C-4B12-811D-061C3B23CD7F}.Debug|x64.Build.0 = Debug|x64
		{00BAD6A4-465C-4B12-811D-061C3B23CD7F}.Debug|x86.ActiveCfg = Debug|Win32
		{00BAD6A4-465C-4B12-811D-061C3B23CD7F}.Debug|x86.Build.0 = Debug|Win32
		{00BAD6A4-465C-4B12-811D-061C3B23CD7F}.Release|x64.ActiveCfg = Release|x64
		{00BAD6A4-465C-4B12-811D-061C3B23CD7F}.Release|x64.Build.0 = Release|x64
		{00BAD6A4-465C-4B12-811D-061C3B23CD7F}.Release|x86.ActiveCfg = Release|Win32
		{00BAD6A4-465C-4B12-811D-061C3B23CD7F}.Release|x86.Build.0 = Release|Win32
		{141E77EE-9420-457F-91A3-7ABA4759B264}.Debug|x64.ActiveCfg = Debug|x64
		{141E77EE-9420-457F-91A3-7ABA4759B264}.Debug|x64.Build.0 = Debug|x64
		{141E77EE-9420-457F-91A3-7ABA4759B264}.Debug|x86.ActiveCfg = Debug|Win32
		{141E77EE-9420-457F-91A3-7ABA4759B264}.Debug|x86.Build.0 = Debug|Win32
		{141E77EE-9420-457F-91A3-7ABA4759B264}.Release|x64.ActiveCfg = Release|x64
		{141E77EE-9420-457F-91A3-7ABA4759B264}.Release|x64.Build.0 = Release|x64
		{141E77EE-9420-457F-91A3-7ABA4759B264}.Release|x86.ActiveCfg = Release|Win32
		{141E77EE-9420-457F-91A3-7ABA4759B264}.Release|x86.Build.0 = Release|Win32
	EndGlobalSection
	GlobalSection(SolutionProperties) = preSolution
		HideSolutionNode = FALSE
	EndGlobalSection
	GlobalSection(ExtensibilityGlobals) = postSolution
		SolutionGuid = {EC620BDC-6C73-401F-843D-A40B8F920DB2}
	EndGlobalSection
EndGlobal
